{
  "format": 1,
  "packages": [
    {
      "commit": "ba50e2bde7bde53779aec7fdbcd807cc83c69a19",
      "dependencies": {},
      "id": "p66daba5e6bf76a70",
      "name": "crypto",
      "ref": "master",
      "url": "https://github.com/ziranlang/crypto.git"
    },
    {
      "commit": "b081b26058daac4c61c2f7cb0cdff36496363b18",
      "dependencies": {},
      "id": "pade9a596789ee212",
      "name": "compression",
      "ref": "master",
      "url": "https://github.com/ziranlang/compression.git"
    }
  ],
  "root": {
    "dependencies": {"compression": "pade9a596789ee212", "crypto": "p66daba5e6bf76a70"},
    "name": "telegram"
  },
  "toolchain": {
    "commit": "04ee624720f4c0abd6c28b0eb6d0a3d2f8a166c2",
    "ref": "master",
    "url": "https://github.com/ziranlang/ziran.git"
  }
}
